Microsoft Visual Studio Solution File, Format Version 12.00
# Visual Studio Version 17
VisualStudioVersion = 17.5.2.0
MinimumVisualStudioVersion = 10.0.40219.1
Project("{2150E333-8FDC-42A3-9474-1A3956D46DE8}") = "CoastyAPI", "CoastyAPI", "{EDE7B411-6666-040A-28E8-124E85ABE83E}"
EndProject
Project("{FAE04EC0-301F-11D3-BF4B-00C04F79EFBC}") = "CoastyApi", "CoastyAPI\CoastyApi\CoastyApi.csproj", "{AEE525A5-6F83-B931-0DCC-B45055BF465D}"
EndProject
Global
	GlobalSection(SolutionConfigurationPlatforms) = preSolution
		Debug|Any CPU = Debug|Any CPU
		Release|Any CPU = Release|Any CPU
	EndGlobalSection
	GlobalSection(ProjectConfigurationPlatforms) = postSolution
		{AEE525A5-6F83-B931-0DCC-B45055BF465D}.Debug|Any CPU.ActiveCfg = Debug|Any CPU
		{AEE525A5-6F83-B931-0DCC-B45055BF465D}.Debug|Any CPU.Build.0 = Debug|Any CPU
		{AEE525A5-6F83-B931-0DCC-B45055BF465D}.Release|Any CPU.ActiveCfg = Release|Any CPU
		{AEE525A5-6F83-B931-0DCC-B45055BF465D}.Release|Any CPU.Build.0 = Release|Any CPU
	EndGlobalSection
	GlobalSection(SolutionProperties) = preSolution
		HideSolutionNode = FALSE
	EndGlobalSection
	GlobalSection(NestedProjects) = preSolution
		{AEE525A5-6F83-B931-0DCC-B45055BF465D} = {EDE7B411-6666-040A-28E8-124E85ABE83E}
	EndGlobalSection
	GlobalSection(ExtensibilityGlobals) = postSolution
		SolutionGuid = {475AE28B-AAA0-40D0-9901-5D9171F7F749}
	EndGlobalSection
EndGlobal
